
Microsoft Visual Studio Solution File, Format Version 12.00
# Visual Studio 2012
Project("{FAE04EC0-301F-11D3-BF4B-00C04F79EFBC}") = "FerrisWheel", "FerrisWheel\FerrisWheel.csproj", "{59C2C803-BE27-4342-A073-7FC974BB878F}"
EndProject
Global
	GlobalSection(SolutionConfigurationPlatforms) = preSolution
		Debug|x86 = Debug|x86
		Release|x86 = Release|x86
	EndGlobalSection
	GlobalSection(ProjectConfigurationPlatforms) = postSolution
		{59C2C803-BE27-4342-A073-7FC974BB878F}.Debug|x86.ActiveCfg = Debug|x86
		{59C2C803-BE27-4342-A073-7FC974BB878F}.Debug|x86.Build.0 = Debug|x86
		{59C2C803-BE27-4342-A073-7FC974BB878F}.Release|x86.ActiveCfg = Release|x86
		{59C2C803-BE27-4342-A073-7FC974BB878F}.Release|x86.Build.0 = Release|x86
	EndGlobalSection
	GlobalSection(MonoDevelopProperties) = preSolution
		StartupItem = FerrisWheel\FerrisWheel.csproj
	EndGlobalSection
EndGlobal
